{
  "name": "cowsay",
  "version": "1.0.0",
  "lockfileVersion": 3,
  "requires": true,
  "packages": {
    "": {
      "name": "cowsay",
      "version": "1.0.0",
      "license": "ISC",
      "dependencies": {
        "twitter-api-v2": "^1.16.3"
      }
    },
    "node_modules/twitter-api-v2": {
      "version": "1.16.3",
      "resolved": "https://registry.npmjs.org/twitter-api-v2/-/twitter-api-v2-1.16.3.tgz",
      "integrity": "sha512-T9Wbq1y3IrTshBvtVawpWp1GmL3mduF4RhieSfM1HsL10Qda0EeJMDUwr5C6IeelnSZ65tiiXzs0xUS8FHM9XA=="
    }
  }
}
